<Solution>
  <Folder Name="/src/" />

  <Folder Name="/src/Association/">
    <Project Path="src/Association/Application/Association.Application.csproj" />
    <Project Path="src/Association/Domain/Association.Domain.csproj" />
    <Project Path="src/Association/Infrastructure/Association.Infrastructure.csproj" />
  </Folder>

  <Folder Name="/src/Complaints/">
    <Project Path="src/Complaints/Application/Complaints.Application.csproj" />
    <Project Path="src/Complaints/Domain/Complaints.Domain.csproj" />
    <Project Path="src/Complaints/Infrastructure/Complaints.Infrastructure.csproj" />
  </Folder>
  <Folder Name="/src/DocumentsMgmt/">
    <Project Path="src/DocumentsMgmt/DocumentsMgmt.Application/DocumentsMgmt.Application.csproj" />
  </Folder>

  <Folder Name="/src/Feeds/">
    <Project Path="src/Feeds/Application/Feeds.Application.csproj" />
    <Project Path="src/Feeds/Domain/Feeds.Domain.csproj" />
    <Project Path="src/Feeds/Infrastructure/Feeds.Infrastructure.csproj" />
  </Folder>

  <Folder Name="/src/Houses/">
    <Project Path="src/Houses/Application/Houses.Application.csproj" />
    <Project Path="src/Houses/Domain/Houses.Domain.csproj" />
    <Project Path="src/Houses/Infrastructure/Houses.Infrastructure.csproj" />
  </Folder>
  <Folder Name="/src/UserMgmt/">
    <Project Path="src/UserMgmt/UserMgmt.Application/UserMgmt.Application.csproj" />
    <Project Path="src/UserMgmt/UserMgmt.Infrastructure/UserMgmt.Infrastructure.csproj" />
  </Folder>
  <Project Path="BuildingBlocks/BuildingBlocks.csproj" Id="13b67b05-8a26-45f2-98f5-2c21f4070ade" />
  <Project Path="Hivify.AI/Hivify.AI.csproj" />
  <Project Path="Hivify.Api/Hivify.Api.csproj" Id="74f6a290-9423-4985-b768-e2f9143a49ac" />
  <Project Path="SharedKernel/SharedKernel.csproj" Id="9432ab2b-f2fd-4ad8-811f-99bbe4cc1c27" />
</Solution>